
Microsoft Visual Studio Solution File, Format Version 12.00
# Visual Studio Version 17
VisualStudioVersion = 17.5.33414.496
MinimumVisualStudioVersion = 10.0.40219.1
Project("{FAE04EC0-301F-11D3-BF4B-00C04F79EFBC}") = "Pacote-viagens-Dapper", "Pacote-viagens-Dapper\Pacote-viagens-Dapper.csproj", "{BE0967AC-DE4B-4B66-BE26-A482F360BB10}"
EndProject
Global
	GlobalSection(SolutionConfigurationPlatforms) = preSolution
		Debug|Any CPU = Debug|Any CPU
		Release|Any CPU = Release|Any CPU
	EndGlobalSection
	GlobalSection(ProjectConfigurationPlatforms) = postSolution
		{BE0967AC-DE4B-4B66-BE26-A482F360BB10}.Debug|Any CPU.ActiveCfg = Debug|Any CPU
		{BE0967AC-DE4B-4B66-BE26-A482F360BB10}.Debug|Any CPU.Build.0 = Debug|Any CPU
		{BE0967AC-DE4B-4B66-BE26-A482F360BB10}.Release|Any CPU.ActiveCfg = Release|Any CPU
		{BE0967AC-DE4B-4B66-BE26-A482F360BB10}.Release|Any CPU.Build.0 = Release|Any CPU
	EndGlobalSection
	GlobalSection(SolutionProperties) = preSolution
		HideSolutionNode = FALSE
	EndGlobalSection
	GlobalSection(ExtensibilityGlobals) = postSolution
		SolutionGuid = {6D4543DE-0829-4466-AC7A-9A0D6E3FB548}
	EndGlobalSection
EndGlobal
